
Microsoft Visual Studio Solution File, Format Version 12.00
# Visual Studio Version 16
VisualStudioVersion = 16.0.30804.86
MinimumVisualStudioVersion = 10.0.40219.1
Project("{9A19103F-16F7-4668-BE54-9A1E7A4F7556}") = "WhiteBoard.API", "WhiteBoard.API.csproj", "{316072E7-C468-4D07-B301-0F01ACD891B0}"
	ProjectSection(ProjectDependencies) = postProject
		{ACEF6990-DB2F-4EBA-92D8-B4D33031A319} = {ACEF6990-DB2F-4EBA-92D8-B4D33031A319}
		{BF6384A4-698B-4CFE-8824-A57D865415A5} = {BF6384A4-698B-4CFE-8824-A57D865415A5}
	EndProjectSection
EndProject
Project("{FAE04EC0-301F-11D3-BF4B-00C04F79EFBC}") = "WhiteBoard.Data", "..\WhiteBoard.Data\WhiteBoard.Data.csproj", "{BF6384A4-698B-4CFE-8824-A57D865415A5}"
EndProject
Project("{FAE04EC0-301F-11D3-BF4B-00C04F79EFBC}") = "WhiteBoard.Business", "..\WhiteBoard.Business\WhiteBoard.Business.csproj", "{ACEF6990-DB2F-4EBA-92D8-B4D33031A319}"
EndProject
Global
	GlobalSection(SolutionConfigurationPlatforms) = preSolution
		Debug|Any CPU = Debug|Any CPU
		Release|Any CPU = Release|Any CPU
	EndGlobalSection
	GlobalSection(ProjectConfigurationPlatforms) = postSolution
		{316072E7-C468-4D07-B301-0F01ACD891B0}.Debug|Any CPU.ActiveCfg = Debug|Any CPU
		{316072E7-C468-4D07-B301-0F01ACD891B0}.Debug|Any CPU.Build.0 = Debug|Any CPU
		{316072E7-C468-4D07-B301-0F01ACD891B0}.Release|Any CPU.ActiveCfg = Release|Any CPU
		{316072E7-C468-4D07-B301-0F01ACD891B0}.Release|Any CPU.Build.0 = Release|Any CPU
		{BF6384A4-698B-4CFE-8824-A57D865415A5}.Debug|Any CPU.ActiveCfg = Debug|Any CPU
		{BF6384A4-698B-4CFE-8824-A57D865415A5}.Debug|Any CPU.Build.0 = Debug|Any CPU
		{BF6384A4-698B-4CFE-8824-A57D865415A5}.Release|Any CPU.ActiveCfg = Release|Any CPU
		{BF6384A4-698B-4CFE-8824-A57D865415A5}.Release|Any CPU.Build.0 = Release|Any CPU
		{ACEF6990-DB2F-4EBA-92D8-B4D33031A319}.Debug|Any CPU.ActiveCfg = Debug|Any CPU
		{ACEF6990-DB2F-4EBA-92D8-B4D33031A319}.Debug|Any CPU.Build.0 = Debug|Any CPU
		{ACEF6990-DB2F-4EBA-92D8-B4D33031A319}.Release|Any CPU.ActiveCfg = Release|Any CPU
		{ACEF6990-DB2F-4EBA-92D8-B4D33031A319}.Release|Any CPU.Build.0 = Release|Any CPU
	EndGlobalSection
	GlobalSection(SolutionProperties) = preSolution
		HideSolutionNode = FALSE
	EndGlobalSection
	GlobalSection(ExtensibilityGlobals) = postSolution
		SolutionGuid = {D37EF935-57E1-44AC-8D66-5959539E9785}
	EndGlobalSection
EndGlobal
